{
  "originHash" : "884d68b6fdd4023b65cf9f85595c3b676146cbb096e633fb6523ed209887e176",
  "pins" : [
    {
      "identity" : "kingfisher",
      "kind" : "remoteSourceControl",
      "location" : "https://github.com/onevcat/Kingfisher.git",
      "state" : {
        "revision" : "2015fda791daa72c8058619545a593bf8c1dd59f",
        "version" : "8.5.0"
      }
    },
    {
      "identity" : "swiftglass",
      "kind" : "remoteSourceControl",
      "location" : "https://github.com/1998code/SwiftGlass.git",
      "state" : {
        "revision" : "a012c615c36a3992fb2c9358206de2a2bd253454",
        "version" : "1.9.9"
      }
    }
  ],
  "version" : 3
}
